// !$*UTF8*$!
{
	archiveVersion = 1;
	classes = {
	};
	objectVersion = 56;
	objects = {

/* Begin PBXBuildFile section */
		F4D7E19829C0BF2800E80997 /* AppDelegate.swift in Sources */ = {isa = PBXBuildFile; fileRef = F4D7E19729C0BF2800E80997 /* AppDelegate.swift */; };
		F4D7E19A29C0BF2800E80997 /* SceneDelegate.swift in Sources */ = {isa = PBXBuildFile; fileRef = F4D7E19929C0BF2800E80997 /* SceneDelegate.swift */; };
		F4D7E19F29C0BF2800E80997 /* Main.storyboard in Resources */ = {isa = PBXBuildFile; fileRef = F4D7E19D29C0BF2800E80997 /* Main.storyboard */; };
		F4D7E1A129C0BF2900E80997 /* Assets.xcassets in Resources */ = {isa = PBXBuildFile; fileRef = F4D7E1A029C0BF2900E80997 /* Assets.xcassets */; };
		F4D7E1A429C0BF2900E80997 /* LaunchScreen.storyboard in Resources */ = {isa = PBXBuildFile; fileRef = F4D7E1A229C0BF2900E80997 /* LaunchScreen.storyboard */; };
		F4D7E1AE29C0C0D100E80997 /* ReservationTableVC.swift in Sources */ = {isa = PBXBuildFile; fileRef = F4D7E1AD29C0C0D100E80997 /* ReservationTableVC.swift */; };
		F4D7E1B029C0C12E00E80997 /* Reservation.swift in Sources */ = {isa = PBXBuildFile; fileRef = F4D7E1AF29C0C12E00E80997 /* Reservation.swift */; };
		F4D7E1B229C0C17700E80997 /* RoomType.swift in Sources */ = {isa = PBXBuildFile; fileRef = F4D7E1B129C0C17700E80997 /* RoomType.swift */; };
		F4D7E1B429C0CA0C00E80997 /* GuestRegistrationVC.swift in Sources */ = {isa = PBXBuildFile; fileRef = F4D7E1B329C0CA0C00E80997 /* GuestRegistrationVC.swift */; };
/* End PBXBuildFile section */

/* Begin PBXFileReference section */
		F4D7E19429C0BF2800E80997 /* Reservations.app */ = {isa = PBXFileReference; explicitFileType = wrapper.application; includeInIndex = 0; path = Reservations.app; sourceTree = BUILT_PRODUCTS_DIR; };
		F4D7E19729C0BF2800E80997 /* AppDelegate.swift */ = {isa = PBXFileReference; lastKnownFileType = sourcecode.swift; path = AppDelegate.swift; sourceTree = "<group>"; };
		F4D7E19929C0BF2800E80997 /* SceneDelegate.swift */ = {isa = PBXFileReference; lastKnownFileType = sourcecode.swift; path = SceneDelegate.swift; sourceTree = "<group>"; };
		F4D7E19E29C0BF2800E80997 /* Base */ = {isa = PBXFileReference; lastKnownFileType = file.storyboard; name = Base; path = Base.lproj/Main.storyboard; sourceTree = "<group>"; };
		F4D7E1A029C0BF2900E80997 /* Assets.xcassets */ = {isa = PBXFileReference; lastKnownFileType = folder.assetcatalog; path = Assets.xcassets; sourceTree = "<group>"; };
		F4D7E1A329C0BF2900E80997 /* Base */ = {isa = PBXFileReference; lastKnownFileType = file.storyboard; name = Base; path = Base.lproj/LaunchScreen.storyboard; sourceTree = "<group>"; };
		F4D7E1A529C0BF2900E80997 /* Info.plist */ = {isa = PBXFileReference; lastKnownFileType = text.plist.xml; path = Info.plist; sourceTree = "<group>"; };
		F4D7E1AD29C0C0D100E80997 /* ReservationTableVC.swift */ = {isa = PBXFileReference; lastKnownFileType = sourcecode.swift; path = ReservationTableVC.swift; sourceTree = "<group>"; };
		F4D7E1AF29C0C12E00E80997 /* Reservation.swift */ = {isa = PBXFileReference; lastKnownFileType = sourcecode.swift; path = Reservation.swift; sourceTree = "<group>"; };
		F4D7E1B129C0C17700E80997 /* RoomType.swift */ = {isa = PBXFileReference; lastKnownFileType = sourcecode.swift; path = RoomType.swift; sourceTree = "<group>"; };
		F4D7E1B329C0CA0C00E80997 /* GuestRegistrationVC.swift */ = {isa = PBXFileReference; lastKnownFileType = sourcecode.swift; path = GuestRegistrationVC.swift; sourceTree = "<group>"; };
/* End PBXFileReference section */

/* Begin PBXFrameworksBuildPhase section */
		F4D7E19129C0BF2800E80997 /* Frameworks */ = {
			isa = PBXFrameworksBuildPhase;
			buildActionMask = 2147483647;
			files = (
			);
			runOnlyForDeploymentPostprocessing = 0;
		};
/* End PBXFrameworksBuildPhase section */

/* Begin PBXGroup section */
		F4D7E18B29C0BF2800E80997 = {
			isa = PBXGroup;
			children = (
				F4D7E19629C0BF2800E80997 /* Reservations */,
				F4D7E19529C0BF2800E80997 /* Products */,
			);
			sourceTree = "<group>";
		};
		F4D7E19529C0BF2800E80997 /* Products */ = {
			isa = PBXGroup;
			children = (
				F4D7E19429C0BF2800E80997 /* Reservations.app */,
			);
			name = Products;
			sourceTree = "<group>";
		};
		F4D7E19629C0BF2800E80997 /* Reservations */ = {
			isa = PBXGroup;
			children = (
				F4D7E19729C0BF2800E80997 /* AppDelegate.swift */,
				F4D7E19929C0BF2800E80997 /* SceneDelegate.swift */,
				F4D7E1AD29C0C0D100E80997 /* ReservationTableVC.swift */,
				F4D7E1B329C0CA0C00E80997 /* GuestRegistrationVC.swift */,
				F4D7E1AF29C0C12E00E80997 /* Reservation.swift */,
				F4D7E1B129C0C17700E80997 /* RoomType.swift */,
				F4D7E19D29C0BF2800E80997 /* Main.storyboard */,
				F4D7E1A029C0BF2900E80997 /* Assets.xcassets */,
				F4D7E1A229C0BF2900E80997 /* LaunchScreen.storyboard */,
				F4D7E1A529C0BF2900E80997 /* Info.plist */,
			);
			path = Reservations;
			sourceTree = "<group>";
		};
/* End PBXGroup section */

/* Begin PBXNativeTarget section */
		F4D7E19329C0BF2800E80997 /* Reservations */ = {
			isa = PBXNativeTarget;
			buildConfigurationList = F4D7E1A829C0BF2900E80997 /* Build configuration list for PBXNativeTarget "Reservations" */;
			buildPhases = (
				F4D7E19029C0BF2800E80997 /* Sources */,
				F4D7E19129C0BF2800E80997 /* Frameworks */,
				F4D7E19229C0BF2800E80997 /* Resources */,
			);
			buildRules = (
			);
			dependencies = (
			);
			name = Reservations;
			productName = Reservations;
			productReference = F4D7E19429C0BF2800E80997 /* Reservations.app */;
			productType = "com.apple.product-type.application";
		};
/* End PBXNativeTarget section */

/* Begin PBXProject section */
		F4D7E18C29C0BF2800E80997 /* Project object */ = {
			isa = PBXProject;
			attributes = {
				BuildIndependentTargetsInParallel = 1;
				LastSwiftUpdateCheck = 1420;
				LastUpgradeCheck = 1420;
				TargetAttributes = {
					F4D7E19329C0BF2800E80997 = {
						CreatedOnToolsVersion = 14.2;
					};
				};
			};
			buildConfigurationList = F4D7E18F29C0BF2800E80997 /* Build configuration list for PBXProject "Reservations" */;
			compatibilityVersion = "Xcode 14.0";
			developmentRegion = en;
			hasScannedForEncodings = 0;
			knownRegions = (
				en,
				Base,
			);
			mainGroup = F4D7E18B29C0BF2800E80997;
			productRefGroup = F4D7E19529C0BF2800E80997 /* Products */;
			projectDirPath = "";
			projectRoot = "";
			targets = (
				F4D7E19329C0BF2800E80997 /* Reservations */,
			);
		};
/* End PBXProject section */

/* Begin PBXResourcesBuildPhase section */
		F4D7E19229C0BF2800E80997 /* Resources */ = {
			isa = PBXResourcesBuildPhase;
			buildActionMask = 2147483647;
			files = (
				F4D7E1A429C0BF2900E80997 /* LaunchScreen.storyboard in Resources */,
				F4D7E1A129C0BF2900E80997 /* Assets.xcassets in Resources */,
				F4D7E19F29C0BF2800E80997 /* Main.storyboard in Resources */,
			);
			runOnlyForDeploymentPostprocessing = 0;
		};
/* End PBXResourcesBuildPhase section */

/* Begin PBXSourcesBuildPhase section */
		F4D7E19029C0BF2800E80997 /* Sources */ = {
			isa = PBXSourcesBuildPhase;
			buildActionMask = 2147483647;
			files = (
				F4D7E1B429C0CA0C00E80997 /* GuestRegistrationVC.swift in Sources */,
				F4D7E19829C0BF2800E80997 /* AppDelegate.swift in Sources */,
				F4D7E19A29C0BF2800E80997 /* SceneDelegate.swift in Sources */,
				F4D7E1B229C0C17700E80997 /* RoomType.swift in Sources */,
				F4D7E1B029C0C12E00E80997 /* Reservation.swift in Sources */,
				F4D7E1AE29C0C0D100E80997 /* ReservationTableVC.swift in Sources */,
			);
			runOnlyForDeploymentPostprocessing = 0;
		};
/* End PBXSourcesBuildPhase section */

/* Begin PBXVariantGroup section */
		F4D7E19D29C0BF2800E80997 /* Main.storyboard */ = {
			isa = PBXVariantGroup;
			children = (
				F4D7E19E29C0BF2800E80997 /* Base */,
			);
			name = Main.storyboard;
			sourceTree = "<group>";
		};
		F4D7E1A229C0BF2900E80997 /* LaunchScreen.storyboard */ = {
			isa = PBXVariantGroup;
			children = (
				F4D7E1A329C0BF2900E80997 /* Base */,
			);
			name = LaunchScreen.storyboard;
			sourceTree = "<group>";
		};
/* End PBXVariantGroup section */

/* Begin XCBuildConfiguration section */
		F4D7E1A629C0BF2900E80997 /* Debug */ = {
			isa = XCBuildConfiguration;
			buildSettings = {
				ALWAYS_SEARCH_USER_PATHS = NO;
				CLANG_ANALYZER_NONNULL = YES;
				CLANG_ANALYZER_NUMBER_OBJECT_CONVERSION = YES_AGGRESSIVE;
				CLANG_CXX_LANGUAGE_STANDARD = "gnu++20";
				CLANG_ENABLE_MODULES = YES;
				CLANG_ENABLE_OBJC_ARC = YES;
				CLANG_ENABLE_OBJC_WEAK = YES;
				CLANG_WARN_BLOCK_CAPTURE_AUTORELEASING = YES;
				CLANG_WARN_BOOL_CONVERSION = YES;
				CLANG_WARN_COMMA = YES;
				CLANG_WARN_CONSTANT_CONVERSION = YES;
				CLANG_WARN_DEPRECATED_OBJC_IMPLEMENTATIONS = YES;
				CLANG_WARN_DIRECT_OBJC_ISA_USAGE = YES_ERROR;
				CLANG_WARN_DOCUMENTATION_COMMENTS = YES;
				CLANG_WARN_EMPTY_BODY = YES;
				CLANG_WARN_ENUM_CONVERSION = YES;
				CLANG_WARN_INFINITE_RECURSION = YES;
				CLANG_WARN_INT_CONVERSION = YES;
				CLANG_WARN_NON_LITERAL_NULL_CONVERSION = YES;
				CLANG_WARN_OBJC_IMPLICIT_RETAIN_SELF = YES;
				CLANG_WARN_OBJC_LITERAL_CONVERSION = YES;
				CLANG_WARN_OBJC_ROOT_CLASS = YES_ERROR;
				CLANG_WARN_QUOTED_INCLUDE_IN_FRAMEWORK_HEADER = YES;
				CLANG_WARN_RANGE_LOOP_ANALYSIS = YES;
				CLANG_WARN_STRICT_PROTOTYPES = YES;
				CLANG_WARN_SUSPICIOUS_MOVE = YES;
				CLANG_WARN_UNGUARDED_AVAILABILITY = YES_AGGRESSIVE;
				CLANG_WARN_UNREACHABLE_CODE = YES;
				CLANG_WARN__DUPLICATE_METHOD_MATCH = YES;
				COPY_PHASE_STRIP = NO;
				DEBUG_INFORMATION_FORMAT = dwarf;
				ENABLE_STRICT_OBJC_MSGSEND = YES;
				ENABLE_TESTABILITY = YES;
				GCC_C_LANGUAGE_STANDARD = gnu11;
				GCC_DYNAMIC_NO_PIC = NO;
				GCC_NO_COMMON_BLOCKS = YES;
				GCC_OPTIMIZATION_LEVEL = 0;
				GCC_PREPROCESSOR_DEFINITIONS = (
					"DEBUG=1",
					"$(inherited)",
				);
				GCC_WARN_64_TO_32_BIT_CONVERSION = YES;
				GCC_WARN_ABOUT_RETURN_TYPE = YES_ERROR;
				GCC_WARN_UNDECLARED_SELECTOR = YES;
				GCC_WARN_UNINITIALIZED_AUTOS = YES_AGGRESSIVE;
				GCC_WARN_UNUSED_FUNCTION = YES;
				GCC_WARN_UNUSED_VARIABLE = YES;
				IPHONEOS_DEPLOYMENT_TARGET = 16.2;
				MTL_ENABLE_DEBUG_INFO = INCLUDE_SOURCE;
				MTL_FAST_MATH = YES;
				ONLY_ACTIVE_ARCH = YES;
				SDKROOT = iphoneos;
				SWIFT_ACTIVE_COMPILATION_CONDITIONS = DEBUG;
				SWIFT_OPTIMIZATION_LEVEL = "-Onone";
			};
			name = Debug;
		};
		F4D7E1A729C0BF2900E80997 /* Release */ = {
			isa = XCBuildConfiguration;
			buildSettings = {
				ALWAYS_SEARCH_USER_PATHS = NO;
				CLANG_ANALYZER_NONNULL = YES;
				CLANG_ANALYZER_NUMBER_OBJECT_CONVERSION = YES_AGGRESSIVE;
				CLANG_CXX_LANGUAGE_STANDARD = "gnu++20";
				CLANG_ENABLE_MODULES = YES;
				CLANG_ENABLE_OBJC_ARC = YES;
				CLANG_ENABLE_OBJC_WEAK = YES;
				CLANG_WARN_BLOCK_CAPTURE_AUTORELEASING = YES;
				CLANG_WARN_BOOL_CONVERSION = YES;
				CLANG_WARN_COMMA = YES;
				CLANG_WARN_CONSTANT_CONVERSION = YES;
				CLANG_WARN_DEPRECATED_OBJC_IMPLEMENTATIONS = YES;
				CLANG_WARN_DIRECT_OBJC_ISA_USAGE = YES_ERROR;
				CLANG_WARN_DOCUMENTATION_COMMENTS = YES;
				CLANG_WARN_EMPTY_BODY = YES;
				CLANG_WARN_ENUM_CONVERSION = YES;
				CLANG_WARN_INFINITE_RECURSION = YES;
				CLANG_WARN_INT_CONVERSION = YES;
				CLANG_WARN_NON_LITERAL_NULL_CONVERSION = YES;
				CLANG_WARN_OBJC_IMPLICIT_RETAIN_SELF = YES;
				CLANG_WARN_OBJC_LITERAL_CONVERSION = YES;
				CLANG_WARN_OBJC_ROOT_CLASS = YES_ERROR;
				CLANG_WARN_QUOTED_INCLUDE_IN_FRAMEWORK_HEADER = YES;
				CLANG_WARN_RANGE_LOOP_ANALYSIS = YES;
				CLANG_WARN_STRICT_PROTOTYPES = YES;
				CLANG_WARN_SUSPICIOUS_MOVE = YES;
				CLANG_WARN_UNGUARDED_AVAILABILITY = YES_AGGRESSIVE;
				CLANG_WARN_UNREACHABLE_CODE = YES;
				CLANG_WARN__DUPLICATE_METHOD_MATCH = YES;
				COPY_PHASE_STRIP = NO;
				DEBUG_INFORMATION_FORMAT = "dwarf-with-dsym";
				ENABLE_NS_ASSERTIONS = NO;
				ENABLE_STRICT_OBJC_MSGSEND = YES;
				GCC_C_LANGUAGE_STANDARD = gnu11;
				GCC_NO_COMMON_BLOCKS = YES;
				GCC_WARN_64_TO_32_BIT_CONVERSION = YES;
				GCC_WARN_ABOUT_RETURN_TYPE = YES_ERROR;
				GCC_WARN_UNDECLARED_SELECTOR = YES;
				GCC_WARN_UNINITIALIZED_AUTOS = YES_AGGRESSIVE;
				GCC_WARN_UNUSED_FUNCTION = YES;
				GCC_WARN_UNUSED_VARIABLE = YES;
				IPHONEOS_DEPLOYMENT_TARGET = 16.2;
				MTL_ENABLE_DEBUG_INFO = NO;
				MTL_FAST_MATH = YES;
				SDKROOT = iphoneos;
				SWIFT_COMPILATION_MODE = wholemodule;
				SWIFT_OPTIMIZATION_LEVEL = "-O";
				VALIDATE_PRODUCT = YES;
			};
			name = Release;
		};
		F4D7E1A929C0BF2900E80997 /* Debug */ = {
			isa = XCBuildConfiguration;
			buildSettings = {
				ASSETCATALOG_COMPILER_APPICON_NAME = AppIcon;
				ASSETCATALOG_COMPILER_GLOBAL_ACCENT_COLOR_NAME = AccentColor;
				CODE_SIGN_STYLE = Automatic;
				CURRENT_PROJECT_VERSION = 1;
				DEVELOPMENT_TEAM = 63AT93P487;
				GENERATE_INFOPLIST_FILE = YES;
				INFOPLIST_FILE = Reservations/Info.plist;
				INFOPLIST_KEY_UIApplicationSupportsIndirectInputEvents = YES;
				INFOPLIST_KEY_UILaunchStoryboardName = LaunchScreen;
				INFOPLIST_KEY_UIMainStoryboardFile = Main;
				INFOPLIST_KEY_UISupportedInterfaceOrientations_iPad = "UIInterfaceOrientationPortrait UIInterfaceOrientationPortraitUpsideDown UIInterfaceOrientationLandscapeLeft UIInterfaceOrientationLandscapeRight";
				INFOPLIST_KEY_UISupportedInterfaceOrientations_iPhone = "UIInterfaceOrientationPortrait UIInterfaceOrientationLandscapeLeft UIInterfaceOrientationLandscapeRight";
				LD_RUNPATH_SEARCH_PATHS = (
					"$(inherited)",
					"@executable_path/Frameworks",
				);
				MARKETING_VERSION = 1.0;
				PRODUCT_BUNDLE_IDENTIFIER = "com.t-jamstudios.Reservations";
				PRODUCT_NAME = "$(TARGET_NAME)";
				SWIFT_EMIT_LOC_STRINGS = YES;
				SWIFT_VERSION = 5.0;
				TARGETED_DEVICE_FAMILY = "1,2";
			};
			name = Debug;
		};
		F4D7E1AA29C0BF2900E80997 /* Release */ = {
			isa = XCBuildConfiguration;
			buildSettings = {
				ASSETCATALOG_COMPILER_APPICON_NAME = AppIcon;
				ASSETCATALOG_COMPILER_GLOBAL_ACCENT_COLOR_NAME = AccentColor;
				CODE_SIGN_STYLE = Automatic;
				CURRENT_PROJECT_VERSION = 1;
				DEVELOPMENT_TEAM = 63AT93P487;
				GENERATE_INFOPLIST_FILE = YES;
				INFOPLIST_FILE = Reservations/Info.plist;
				INFOPLIST_KEY_UIApplicationSupportsIndirectInputEvents = YES;
				INFOPLIST_KEY_UILaunchStoryboardName = LaunchScreen;
				INFOPLIST_KEY_UIMainStoryboardFile = Main;
				INFOPLIST_KEY_UISupportedInterfaceOrientations_iPad = "UIInterfaceOrientationPortrait UIInterfaceOrientationPortraitUpsideDown UIInterfaceOrientationLandscapeLeft UIInterfaceOrientationLandscapeRight";
				INFOPLIST_KEY_UISupportedInterfaceOrientations_iPhone = "UIInterfaceOrientationPortrait UIInterfaceOrientationLandscapeLeft UIInterfaceOrientationLandscapeRight";
				LD_RUNPATH_SEARCH_PATHS = (
					"$(inherited)",
					"@executable_path/Frameworks",
				);
				MARKETING_VERSION = 1.0;
				PRODUCT_BUNDLE_IDENTIFIER = "com.t-jamstudios.Reservations";
				PRODUCT_NAME = "$(TARGET_NAME)";
				SWIFT_EMIT_LOC_STRINGS = YES;
				SWIFT_VERSION = 5.0;
				TARGETED_DEVICE_FAMILY = "1,2";
			};
			name = Release;
		};
/* End XCBuildConfiguration section */

/* Begin XCConfigurationList section */
		F4D7E18F29C0BF2800E80997 /* Build configuration list for PBXProject "Reservations" */ = {
			isa = XCConfigurationList;
			buildConfigurations = (
				F4D7E1A629C0BF2900E80997 /* Debug */,
				F4D7E1A729C0BF2900E80997 /* Release */,
			);
			defaultConfigurationIsVisible = 0;
			defaultConfigurationName = Release;
		};
		F4D7E1A829C0BF2900E80997 /* Build configuration list for PBXNativeTarget "Reservations" */ = {
			isa = XCConfigurationList;
			buildConfigurations = (
				F4D7E1A929C0BF2900E80997 /* Debug */,
				F4D7E1AA29C0BF2900E80997 /* Release */,
			);
			defaultConfigurationIsVisible = 0;
			defaultConfigurationName = Release;
		};
/* End XCConfigurationList section */
	};
	rootObject = F4D7E18C29C0BF2800E80997 /* Project object */;
}
